// !$*UTF8*$!
{
	archiveVersion = 1;
	classes = {
	};
	objectVersion = 77;
	objects = {

/* Begin PBXBuildFile section */
		1375F268CA1D7CE90C449A99 /* Project.swift in Sources */ = {isa = PBXBuildFile; fileRef = 3C4C4FBEC84F3BE6D703114F /* Project.swift */; };
		19627B09651E16118A885449 /* Assets.xcassets in Resources */ = {isa = PBXBuildFile; fileRef = 959B6E492A6F6EE70009A1E2 /* Assets.xcassets */; };
		1DCA684F14FF333DAFD4D089 /* AuthStoreTests.swift in Sources */ = {isa = PBXBuildFile; fileRef = A0DF1E2DE13FD24A5599E6C7 /* AuthStoreTests.swift */; };
		27CC8D647D9E25C39DCF1F07 /* Recipe.swift in Sources */ = {isa = PBXBuildFile; fileRef = 73BB35D5277B4377BCC44E4E /* Recipe.swift */; };
		2A51BECFA6765ED523027A17 /* MealType.swift in Sources */ = {isa = PBXBuildFile; fileRef = A87C2B74E58886949BA1CF73 /* MealType.swift */; };
		3961C3E72652BAC59E51FD81 /* ProjectRole.swift in Sources */ = {isa = PBXBuildFile; fileRef = B25EBA26E73B54FFA4C3BFE5 /* ProjectRole.swift */; };
		4240385249A939D5D3CC1812 /* AppError.swift in Sources */ = {isa = PBXBuildFile; fileRef = 4C1D214634DA23EA0EDFC136 /* AppError.swift */; };
		4BE60D67E231DE472710F322 /* PlannerViewMode.swift in Sources */ = {isa = PBXBuildFile; fileRef = 256F2F217F3EEC28F2B04F9B /* PlannerViewMode.swift */; };
		51E28D7FB632B206D30E6A48 /* NoiseTrackingItem.swift in Sources */ = {isa = PBXBuildFile; fileRef = DE278F90CA39284ECE413231 /* NoiseTrackingItem.swift */; };
		57F5A3532682CA1E944ED00F /* Birthday.swift in Sources */ = {isa = PBXBuildFile; fileRef = 4AA34D1BD671E8018EF5FD71 /* Birthday.swift */; };
		5A294D06E0F336CB9056A0EC /* Shop.swift in Sources */ = {isa = PBXBuildFile; fileRef = FB4E2905C2DFFFB1FFA9C543 /* Shop.swift */; };
		62FB124D054D20FA3754DDA6 /* MockOIDCClient.swift in Sources */ = {isa = PBXBuildFile; fileRef = B69B8B6D2FD4E7DA5EAA1CD5 /* MockOIDCClient.swift */; };
		6895DAFB8DBC2C590BC4C465 /* APIClient.swift in Sources */ = {isa = PBXBuildFile; fileRef = BFB68A8AAA4B3DC9F6E1CD7E /* APIClient.swift */; };
		6A38881CA57A7225616C32D7 /* HapticFeedback.swift in Sources */ = {isa = PBXBuildFile; fileRef = 475D1E5824F51155C61A9035 /* HapticFeedback.swift */; };
		6C75D2A4FBF047113EA85D31 /* BrandColors.swift in Sources */ = {isa = PBXBuildFile; fileRef = 14F61DC5D7CCAC2E7893FFC6 /* BrandColors.swift */; };
		79E52D18EDA77E537A8B6113 /* AuthStore.swift in Sources */ = {isa = PBXBuildFile; fileRef = 10901EC6A2666AC0C433EA08 /* AuthStore.swift */; };
		7DF5DF51FE2F17E75B8375C8 /* GroceryCategory.swift in Sources */ = {isa = PBXBuildFile; fileRef = B3B71AF92764194BED3760C7 /* GroceryCategory.swift */; };
		7F9521E5ADB3418DC6436708 /* ProjectMember.swift in Sources */ = {isa = PBXBuildFile; fileRef = 183050039AB33766B6FEAD7E /* ProjectMember.swift */; };
		80DE09540C1C569A0239E0FF /* MealPlan.swift in Sources */ = {isa = PBXBuildFile; fileRef = 34506E098B5A3C052D78EC0A /* MealPlan.swift */; };
		896B8199E79762A98405A237 /* OfficeAttendance.swift in Sources */ = {isa = PBXBuildFile; fileRef = 429B9BC1737C7328FFDB0CB9 /* OfficeAttendance.swift */; };
		8A40DDDA99518610FDEB0038 /* RecipeDishType.swift in Sources */ = {isa = PBXBuildFile; fileRef = CB3E849E8F2D3B8F9529AD91 /* RecipeDishType.swift */; };
		8C9875D04BA346A335DFAA64 /* DependencyContainer.swift in Sources */ = {isa = PBXBuildFile; fileRef = 0BDBAD68EA404798A5AB799E /* DependencyContainer.swift */; };
		8DD21A22F62B72055D771EA3 /* URLSessionAPIClient.swift in Sources */ = {isa = PBXBuildFile; fileRef = C9B7E8E49C98539FD55120BC /* URLSessionAPIClient.swift */; };
		8E946B910472F2D48EFF2E29 /* UserPreferences.swift in Sources */ = {isa = PBXBuildFile; fileRef = EBD284A27A126CF9BA39248E /* UserPreferences.swift */; };
		8F2AF459B60420943D37FE57 /* KeychainService.swift in Sources */ = {isa = PBXBuildFile; fileRef = E8D02383EAC46967166485C0 /* KeychainService.swift */; };
		9E369FBA67417909D9BB39D1 /* Adventure.swift in Sources */ = {isa = PBXBuildFile; fileRef = F55E8290DA55870F056242B5 /* Adventure.swift */; };
		AD6CB5E8329F0D2E4F46145F /* KeychainAccess in Frameworks */ = {isa = PBXBuildFile; productRef = 5288301F83D5471B8342E902 /* KeychainAccess */; };
		B25F14DE95D4306C914FE460 /* OIDCConfiguration.swift in Sources */ = {isa = PBXBuildFile; fileRef = B806847FE618C2399585DF90 /* OIDCConfiguration.swift */; };
		B3525FA4F322968D2BE4CB55 /* OIDCClient.swift in Sources */ = {isa = PBXBuildFile; fileRef = 6B22645514A1100ED8479BCD /* OIDCClient.swift */; };
		B3CB67E98030CCF3289A4804 /* GroceryItemUnit.swift in Sources */ = {isa = PBXBuildFile; fileRef = AE92E50181740FF736DC9CA5 /* GroceryItemUnit.swift */; };
		B455406FD6AE4AF6F2DDA2E1 /* APIError.swift in Sources */ = {isa = PBXBuildFile; fileRef = 9AFADCF4EDE35176DFB5B930 /* APIError.swift */; };
		B670B24D741836CC048854D0 /* LoginView.swift in Sources */ = {isa = PBXBuildFile; fileRef = A3FCEF3882569D65BC6A59A8 /* LoginView.swift */; };
		BCFF3E01C5BF45F8D52C2A73 /* ContentView.swift in Sources */ = {isa = PBXBuildFile; fileRef = A1A6953C43C9217D3B57D6CB /* ContentView.swift */; };
		BF1CF59F001B7CAE01621C94 /* KairosApp.swift in Sources */ = {isa = PBXBuildFile; fileRef = FF341935C3B2CBC215BC7E16 /* KairosApp.swift */; };
		D2EE6DDF533781277C40C2D1 /* MockURLProtocol.swift in Sources */ = {isa = PBXBuildFile; fileRef = AE8439B33521AD91A4546A6A /* MockURLProtocol.swift */; };
		E3B8BEA879CD43575763C73A /* TodoItem.swift in Sources */ = {isa = PBXBuildFile; fileRef = 3F289AD3FF6D88732A1F7D0E /* TodoItem.swift */; };
		E7F4DEDE91018C87E92A4D51 /* GroceryItem.swift in Sources */ = {isa = PBXBuildFile; fileRef = F54EDF920380BB543CFBBD96 /* GroceryItem.swift */; };
		E8B7CCF378AED559BDB38F26 /* EndpointTests.swift in Sources */ = {isa = PBXBuildFile; fileRef = B8A9CF188502ADFE6799C81A /* EndpointTests.swift */; };
		F26C1FBE5AE88475D37033B4 /* Endpoint.swift in Sources */ = {isa = PBXBuildFile; fileRef = E4CBF7CC2919675EAB8F00EE /* Endpoint.swift */; };
		F31270B8BB6079B845055A5A /* APIConfiguration.swift in Sources */ = {isa = PBXBuildFile; fileRef = D65C64F022A78BE54BEF6824 /* APIConfiguration.swift */; };
		F7082BACE0B6B2FE4B9EFD6A /* APIClientTests.swift in Sources */ = {isa = PBXBuildFile; fileRef = 5C17E28AC7BA4B6EA3EECFA2 /* APIClientTests.swift */; };
		F96C35F3526E393B4FEBA30F /* GroceryViewMode.swift in Sources */ = {isa = PBXBuildFile; fileRef = B9DA90278480BD4A4DCAB377 /* GroceryViewMode.swift */; };
		FBC03BEBFBE21903CA250665 /* KairosTests.swift in Sources */ = {isa = PBXBuildFile; fileRef = BB08A17799FF2637A6CBDFF7 /* KairosTests.swift */; };
/* End PBXBuildFile section */

/* Begin PBXContainerItemProxy section */
		4F2E06E0B03B22D106C9A25E /* PBXContainerItemProxy */ = {
			isa = PBXContainerItemProxy;
			containerPortal = E64FEF4991E8210A9E26C0F7 /* Project object */;
			proxyType = 1;
			remoteGlobalIDString = 6CD36DBB9B1781513D7A5353;
			remoteInfo = Kairos;
		};
/* End PBXContainerItemProxy section */

/* Begin PBXFileReference section */
		0BDBAD68EA404798A5AB799E /* DependencyContainer.swift */ = {isa = PBXFileReference; lastKnownFileType = sourcecode.swift; path = DependencyContainer.swift; sourceTree = "<group>"; };
		10901EC6A2666AC0C433EA08 /* AuthStore.swift */ = {isa = PBXFileReference; lastKnownFileType = sourcecode.swift; path = AuthStore.swift; sourceTree = "<group>"; };
		14F61DC5D7CCAC2E7893FFC6 /* BrandColors.swift */ = {isa = PBXFileReference; lastKnownFileType = sourcecode.swift; path = BrandColors.swift; sourceTree = "<group>"; };
		183050039AB33766B6FEAD7E /* ProjectMember.swift */ = {isa = PBXFileReference; lastKnownFileType = sourcecode.swift; path = ProjectMember.swift; sourceTree = "<group>"; };
		256F2F217F3EEC28F2B04F9B /* PlannerViewMode.swift */ = {isa = PBXFileReference; lastKnownFileType = sourcecode.swift; path = PlannerViewMode.swift; sourceTree = "<group>"; };
		34506E098B5A3C052D78EC0A /* MealPlan.swift */ = {isa = PBXFileReference; lastKnownFileType = sourcecode.swift; path = MealPlan.swift; sourceTree = "<group>"; };
		3C4C4FBEC84F3BE6D703114F /* Project.swift */ = {isa = PBXFileReference; lastKnownFileType = sourcecode.swift; path = Project.swift; sourceTree = "<group>"; };
		3F289AD3FF6D88732A1F7D0E /* TodoItem.swift */ = {isa = PBXFileReference; lastKnownFileType = sourcecode.swift; path = TodoItem.swift; sourceTree = "<group>"; };
		429B9BC1737C7328FFDB0CB9 /* OfficeAttendance.swift */ = {isa = PBXFileReference; lastKnownFileType = sourcecode.swift; path = OfficeAttendance.swift; sourceTree = "<group>"; };
		475D1E5824F51155C61A9035 /* HapticFeedback.swift */ = {isa = PBXFileReference; lastKnownFileType = sourcecode.swift; path = HapticFeedback.swift; sourceTree = "<group>"; };
		4AA34D1BD671E8018EF5FD71 /* Birthday.swift */ = {isa = PBXFileReference; lastKnownFileType = sourcecode.swift; path = Birthday.swift; sourceTree = "<group>"; };
		4C1D214634DA23EA0EDFC136 /* AppError.swift */ = {isa = PBXFileReference; lastKnownFileType = sourcecode.swift; path = AppError.swift; sourceTree = "<group>"; };
		4D2465E4BB7D301FB75862B3 /* KairosTests.xctest */ = {isa = PBXFileReference; includeInIndex = 0; lastKnownFileType = wrapper.cfbundle; path = KairosTests.xctest; sourceTree = BUILT_PRODUCTS_DIR; };
		5C17E28AC7BA4B6EA3EECFA2 /* APIClientTests.swift */ = {isa = PBXFileReference; lastKnownFileType = sourcecode.swift; path = APIClientTests.swift; sourceTree = "<group>"; };
		6B22645514A1100ED8479BCD /* OIDCClient.swift */ = {isa = PBXFileReference; lastKnownFileType = sourcecode.swift; path = OIDCClient.swift; sourceTree = "<group>"; };
		73BB35D5277B4377BCC44E4E /* Recipe.swift */ = {isa = PBXFileReference; lastKnownFileType = sourcecode.swift; path = Recipe.swift; sourceTree = "<group>"; };
		959B6E492A6F6EE70009A1E2 /* Assets.xcassets */ = {isa = PBXFileReference; lastKnownFileType = folder.assetcatalog; path = Assets.xcassets; sourceTree = "<group>"; };
		9AFADCF4EDE35176DFB5B930 /* APIError.swift */ = {isa = PBXFileReference; lastKnownFileType = sourcecode.swift; path = APIError.swift; sourceTree = "<group>"; };
		A0DF1E2DE13FD24A5599E6C7 /* AuthStoreTests.swift */ = {isa = PBXFileReference; lastKnownFileType = sourcecode.swift; path = AuthStoreTests.swift; sourceTree = "<group>"; };
		A1A6953C43C9217D3B57D6CB /* ContentView.swift */ = {isa = PBXFileReference; lastKnownFileType = sourcecode.swift; path = ContentView.swift; sourceTree = "<group>"; };
		A3FCEF3882569D65BC6A59A8 /* LoginView.swift */ = {isa = PBXFileReference; lastKnownFileType = sourcecode.swift; path = LoginView.swift; sourceTree = "<group>"; };
		A87C2B74E58886949BA1CF73 /* MealType.swift */ = {isa = PBXFileReference; lastKnownFileType = sourcecode.swift; path = MealType.swift; sourceTree = "<group>"; };
		A8DC59B9CE15C341640F89ED /* Info.plist */ = {isa = PBXFileReference; lastKnownFileType = text.plist; path = Info.plist; sourceTree = "<group>"; };
		AE8439B33521AD91A4546A6A /* MockURLProtocol.swift */ = {isa = PBXFileReference; lastKnownFileType = sourcecode.swift; path = MockURLProtocol.swift; sourceTree = "<group>"; };
		AE92E50181740FF736DC9CA5 /* GroceryItemUnit.swift */ = {isa = PBXFileReference; lastKnownFileType = sourcecode.swift; path = GroceryItemUnit.swift; sourceTree = "<group>"; };
		B25EBA26E73B54FFA4C3BFE5 /* ProjectRole.swift */ = {isa = PBXFileReference; lastKnownFileType = sourcecode.swift; path = ProjectRole.swift; sourceTree = "<group>"; };
		B3B71AF92764194BED3760C7 /* GroceryCategory.swift */ = {isa = PBXFileReference; lastKnownFileType = sourcecode.swift; path = GroceryCategory.swift; sourceTree = "<group>"; };
		B69B8B6D2FD4E7DA5EAA1CD5 /* MockOIDCClient.swift */ = {isa = PBXFileReference; lastKnownFileType = sourcecode.swift; path = MockOIDCClient.swift; sourceTree = "<group>"; };
		B806847FE618C2399585DF90 /* OIDCConfiguration.swift */ = {isa = PBXFileReference; lastKnownFileType = sourcecode.swift; path = OIDCConfiguration.swift; sourceTree = "<group>"; };
		B8A9CF188502ADFE6799C81A /* EndpointTests.swift */ = {isa = PBXFileReference; lastKnownFileType = sourcecode.swift; path = EndpointTests.swift; sourceTree = "<group>"; };
		B9DA90278480BD4A4DCAB377 /* GroceryViewMode.swift */ = {isa = PBXFileReference; lastKnownFileType = sourcecode.swift; path = GroceryViewMode.swift; sourceTree = "<group>"; };
		BB08A17799FF2637A6CBDFF7 /* KairosTests.swift */ = {isa = PBXFileReference; lastKnownFileType = sourcecode.swift; path = KairosTests.swift; sourceTree = "<group>"; };
		BFB68A8AAA4B3DC9F6E1CD7E /* APIClient.swift */ = {isa = PBXFileReference; lastKnownFileType = sourcecode.swift; path = APIClient.swift; sourceTree = "<group>"; };
		C9B7E8E49C98539FD55120BC /* URLSessionAPIClient.swift */ = {isa = PBXFileReference; lastKnownFileType = sourcecode.swift; path = URLSessionAPIClient.swift; sourceTree = "<group>"; };
		CB3E849E8F2D3B8F9529AD91 /* RecipeDishType.swift */ = {isa = PBXFileReference; lastKnownFileType = sourcecode.swift; path = RecipeDishType.swift; sourceTree = "<group>"; };
		D65C64F022A78BE54BEF6824 /* APIConfiguration.swift */ = {isa = PBXFileReference; lastKnownFileType = sourcecode.swift; path = APIConfiguration.swift; sourceTree = "<group>"; };
		DE278F90CA39284ECE413231 /* NoiseTrackingItem.swift */ = {isa = PBXFileReference; lastKnownFileType = sourcecode.swift; path = NoiseTrackingItem.swift; sourceTree = "<group>"; };
		E43372EFD253509C9CD5A7F7 /* Kairos.app */ = {isa = PBXFileReference; includeInIndex = 0; lastKnownFileType = wrapper.application; path = Kairos.app; sourceTree = BUILT_PRODUCTS_DIR; };
		E4CBF7CC2919675EAB8F00EE /* Endpoint.swift */ = {isa = PBXFileReference; lastKnownFileType = sourcecode.swift; path = Endpoint.swift; sourceTree = "<group>"; };
		E8D02383EAC46967166485C0 /* KeychainService.swift */ = {isa = PBXFileReference; lastKnownFileType = sourcecode.swift; path = KeychainService.swift; sourceTree = "<group>"; };
		EBD284A27A126CF9BA39248E /* UserPreferences.swift */ = {isa = PBXFileReference; lastKnownFileType = sourcecode.swift; path = UserPreferences.swift; sourceTree = "<group>"; };
		F54EDF920380BB543CFBBD96 /* GroceryItem.swift */ = {isa = PBXFileReference; lastKnownFileType = sourcecode.swift; path = GroceryItem.swift; sourceTree = "<group>"; };
		F55E8290DA55870F056242B5 /* Adventure.swift */ = {isa = PBXFileReference; lastKnownFileType = sourcecode.swift; path = Adventure.swift; sourceTree = "<group>"; };
		FB4E2905C2DFFFB1FFA9C543 /* Shop.swift */ = {isa = PBXFileReference; lastKnownFileType = sourcecode.swift; path = Shop.swift; sourceTree = "<group>"; };
		FF341935C3B2CBC215BC7E16 /* KairosApp.swift */ = {isa = PBXFileReference; lastKnownFileType = sourcecode.swift; path = KairosApp.swift; sourceTree = "<group>"; };
/* End PBXFileReference section */

/* Begin PBXFrameworksBuildPhase section */
		24C6A3A072BB8AE0177BCF37 /* Frameworks */ = {
			isa = PBXFrameworksBuildPhase;
			buildActionMask = 2147483647;
			files = (
				AD6CB5E8329F0D2E4F46145F /* KeychainAccess in Frameworks */,
			);
			runOnlyForDeploymentPostprocessing = 0;
		};
/* End PBXFrameworksBuildPhase section */

/* Begin PBXGroup section */
		16603435C979DC7297604C00 /* Products */ = {
			isa = PBXGroup;
			children = (
				E43372EFD253509C9CD5A7F7 /* Kairos.app */,
				4D2465E4BB7D301FB75862B3 /* KairosTests.xctest */,
			);
			name = Products;
			sourceTree = "<group>";
		};
		23257DD8B3B31B8BD8E7B367 = {
			isa = PBXGroup;
			children = (
				AF115EB5B62BBED56B7F3D1D /* Kairos */,
				911EAB3EEFEA71AC15CE9851 /* KairosTests */,
				16603435C979DC7297604C00 /* Products */,
			);
			sourceTree = "<group>";
		};
		42C1A50554D18C897572D5F3 /* Auth */ = {
			isa = PBXGroup;
			children = (
				A0DF1E2DE13FD24A5599E6C7 /* AuthStoreTests.swift */,
			);
			path = Auth;
			sourceTree = "<group>";
		};
		46A89BA99493EB8A5C469E54 /* Models */ = {
			isa = PBXGroup;
			children = (
				F55E8290DA55870F056242B5 /* Adventure.swift */,
				4AA34D1BD671E8018EF5FD71 /* Birthday.swift */,
				F54EDF920380BB543CFBBD96 /* GroceryItem.swift */,
				34506E098B5A3C052D78EC0A /* MealPlan.swift */,
				DE278F90CA39284ECE413231 /* NoiseTrackingItem.swift */,
				429B9BC1737C7328FFDB0CB9 /* OfficeAttendance.swift */,
				3C4C4FBEC84F3BE6D703114F /* Project.swift */,
				183050039AB33766B6FEAD7E /* ProjectMember.swift */,
				73BB35D5277B4377BCC44E4E /* Recipe.swift */,
				FB4E2905C2DFFFB1FFA9C543 /* Shop.swift */,
				3F289AD3FF6D88732A1F7D0E /* TodoItem.swift */,
				EBD284A27A126CF9BA39248E /* UserPreferences.swift */,
			);
			path = Models;
			sourceTree = "<group>";
		};
		4EDF3A3EDB0BD2929521BA2E /* Enums */ = {
			isa = PBXGroup;
			children = (
				4C1D214634DA23EA0EDFC136 /* AppError.swift */,
				B3B71AF92764194BED3760C7 /* GroceryCategory.swift */,
				AE92E50181740FF736DC9CA5 /* GroceryItemUnit.swift */,
				B9DA90278480BD4A4DCAB377 /* GroceryViewMode.swift */,
				A87C2B74E58886949BA1CF73 /* MealType.swift */,
				256F2F217F3EEC28F2B04F9B /* PlannerViewMode.swift */,
				B25EBA26E73B54FFA4C3BFE5 /* ProjectRole.swift */,
				CB3E849E8F2D3B8F9529AD91 /* RecipeDishType.swift */,
			);
			path = Enums;
			sourceTree = "<group>";
		};
		561D69E0F69C3C76BCD203B1 /* Resources */ = {
			isa = PBXGroup;
			children = (
				959B6E492A6F6EE70009A1E2 /* Assets.xcassets */,
				A8DC59B9CE15C341640F89ED /* Info.plist */,
			);
			path = Resources;
			sourceTree = "<group>";
		};
		644362E69DA8A65130AAC0FB /* Auth */ = {
			isa = PBXGroup;
			children = (
				10901EC6A2666AC0C433EA08 /* AuthStore.swift */,
				E8D02383EAC46967166485C0 /* KeychainService.swift */,
				6B22645514A1100ED8479BCD /* OIDCClient.swift */,
				B806847FE618C2399585DF90 /* OIDCConfiguration.swift */,
			);
			path = Auth;
			sourceTree = "<group>";
		};
		6A6015B745BABF03A7161A4B /* Utilities */ = {
			isa = PBXGroup;
			children = (
				14F61DC5D7CCAC2E7893FFC6 /* BrandColors.swift */,
				475D1E5824F51155C61A9035 /* HapticFeedback.swift */,
			);
			path = Utilities;
			sourceTree = "<group>";
		};
		727B5F9EBAC6DCF17350AA1F /* Auth */ = {
			isa = PBXGroup;
			children = (
				A3FCEF3882569D65BC6A59A8 /* LoginView.swift */,
			);
			path = Auth;
			sourceTree = "<group>";
		};
		8AEC6A23A85E972C05CDD1CD /* App */ = {
			isa = PBXGroup;
			children = (
				A1A6953C43C9217D3B57D6CB /* ContentView.swift */,
				0BDBAD68EA404798A5AB799E /* DependencyContainer.swift */,
				FF341935C3B2CBC215BC7E16 /* KairosApp.swift */,
			);
			path = App;
			sourceTree = "<group>";
		};
		911EAB3EEFEA71AC15CE9851 /* KairosTests */ = {
			isa = PBXGroup;
			children = (
				42C1A50554D18C897572D5F3 /* Auth */,
				9523F44CB2D8F0FEDDB2DD29 /* Mocks */,
				C3C384DB3FE8F002D77CEE00 /* Networking */,
				BB08A17799FF2637A6CBDFF7 /* KairosTests.swift */,
			);
			path = KairosTests;
			sourceTree = "<group>";
		};
		9523F44CB2D8F0FEDDB2DD29 /* Mocks */ = {
			isa = PBXGroup;
			children = (
				B69B8B6D2FD4E7DA5EAA1CD5 /* MockOIDCClient.swift */,
				AE8439B33521AD91A4546A6A /* MockURLProtocol.swift */,
			);
			path = Mocks;
			sourceTree = "<group>";
		};
		AF115EB5B62BBED56B7F3D1D /* Kairos */ = {
			isa = PBXGroup;
			children = (
				8AEC6A23A85E972C05CDD1CD /* App */,
				644362E69DA8A65130AAC0FB /* Auth */,
				4EDF3A3EDB0BD2929521BA2E /* Enums */,
				46A89BA99493EB8A5C469E54 /* Models */,
				DAB3F96A3D049BECF1FCDD4B /* Networking */,
				561D69E0F69C3C76BCD203B1 /* Resources */,
				6A6015B745BABF03A7161A4B /* Utilities */,
				D7F9EC6F876FEAC21FC713CA /* Views */,
			);
			path = Kairos;
			sourceTree = "<group>";
		};
		C3C384DB3FE8F002D77CEE00 /* Networking */ = {
			isa = PBXGroup;
			children = (
				5C17E28AC7BA4B6EA3EECFA2 /* APIClientTests.swift */,
				B8A9CF188502ADFE6799C81A /* EndpointTests.swift */,
			);
			path = Networking;
			sourceTree = "<group>";
		};
		D7F9EC6F876FEAC21FC713CA /* Views */ = {
			isa = PBXGroup;
			children = (
				727B5F9EBAC6DCF17350AA1F /* Auth */,
			);
			path = Views;
			sourceTree = "<group>";
		};
		DAB3F96A3D049BECF1FCDD4B /* Networking */ = {
			isa = PBXGroup;
			children = (
				BFB68A8AAA4B3DC9F6E1CD7E /* APIClient.swift */,
				D65C64F022A78BE54BEF6824 /* APIConfiguration.swift */,
				9AFADCF4EDE35176DFB5B930 /* APIError.swift */,
				E4CBF7CC2919675EAB8F00EE /* Endpoint.swift */,
				C9B7E8E49C98539FD55120BC /* URLSessionAPIClient.swift */,
			);
			path = Networking;
			sourceTree = "<group>";
		};
/* End PBXGroup section */

/* Begin PBXNativeTarget section */
		6CD36DBB9B1781513D7A5353 /* Kairos */ = {
			isa = PBXNativeTarget;
			buildConfigurationList = C0071BF05744CF0FC596843C /* Build configuration list for PBXNativeTarget "Kairos" */;
			buildPhases = (
				01314336B9680736F168E2C1 /* Sources */,
				42CA752220353C8A7A34E72D /* Resources */,
				24C6A3A072BB8AE0177BCF37 /* Frameworks */,
			);
			buildRules = (
			);
			dependencies = (
			);
			name = Kairos;
			packageProductDependencies = (
				5288301F83D5471B8342E902 /* KeychainAccess */,
			);
			productName = Kairos;
			productReference = E43372EFD253509C9CD5A7F7 /* Kairos.app */;
			productType = "com.apple.product-type.application";
		};
		BB663BD61268A5A10FB69C71 /* KairosTests */ = {
			isa = PBXNativeTarget;
			buildConfigurationList = A97728D97B64E609D4E994EF /* Build configuration list for PBXNativeTarget "KairosTests" */;
			buildPhases = (
				7D5B9B31E1258691C794F3E4 /* Sources */,
			);
			buildRules = (
			);
			dependencies = (
				40B25A7EF82F473315AF7EE7 /* PBXTargetDependency */,
			);
			name = KairosTests;
			packageProductDependencies = (
			);
			productName = KairosTests;
			productReference = 4D2465E4BB7D301FB75862B3 /* KairosTests.xctest */;
			productType = "com.apple.product-type.bundle.unit-test";
		};
/* End PBXNativeTarget section */

/* Begin PBXProject section */
		E64FEF4991E8210A9E26C0F7 /* Project object */ = {
			isa = PBXProject;
			attributes = {
				BuildIndependentTargetsInParallel = YES;
				LastUpgradeCheck = 1430;
				TargetAttributes = {
					6CD36DBB9B1781513D7A5353 = {
						DevelopmentTeam = "";
						ProvisioningStyle = Automatic;
					};
					BB663BD61268A5A10FB69C71 = {
						DevelopmentTeam = "";
						ProvisioningStyle = Automatic;
					};
				};
			};
			buildConfigurationList = 956BD75DB366E2AA30124BF1 /* Build configuration list for PBXProject "Kairos" */;
			developmentRegion = en;
			hasScannedForEncodings = 0;
			knownRegions = (
				Base,
				en,
			);
			mainGroup = 23257DD8B3B31B8BD8E7B367;
			minimizedProjectReferenceProxies = 1;
			packageReferences = (
				C40E6F54238255A137DACC05 /* XCRemoteSwiftPackageReference "KeychainAccess" */,
			);
			preferredProjectObjectVersion = 77;
			productRefGroup = 16603435C979DC7297604C00 /* Products */;
			projectDirPath = "";
			projectRoot = "";
			targets = (
				6CD36DBB9B1781513D7A5353 /* Kairos */,
				BB663BD61268A5A10FB69C71 /* KairosTests */,
			);
		};
/* End PBXProject section */

/* Begin PBXResourcesBuildPhase section */
		42CA752220353C8A7A34E72D /* Resources */ = {
			isa = PBXResourcesBuildPhase;
			buildActionMask = 2147483647;
			files = (
				19627B09651E16118A885449 /* Assets.xcassets in Resources */,
			);
			runOnlyForDeploymentPostprocessing = 0;
		};
/* End PBXResourcesBuildPhase section */

/* Begin PBXSourcesBuildPhase section */
		01314336B9680736F168E2C1 /* Sources */ = {
			isa = PBXSourcesBuildPhase;
			buildActionMask = 2147483647;
			files = (
				6895DAFB8DBC2C590BC4C465 /* APIClient.swift in Sources */,
				F31270B8BB6079B845055A5A /* APIConfiguration.swift in Sources */,
				B455406FD6AE4AF6F2DDA2E1 /* APIError.swift in Sources */,
				9E369FBA67417909D9BB39D1 /* Adventure.swift in Sources */,
				4240385249A939D5D3CC1812 /* AppError.swift in Sources */,
				79E52D18EDA77E537A8B6113 /* AuthStore.swift in Sources */,
				57F5A3532682CA1E944ED00F /* Birthday.swift in Sources */,
				6C75D2A4FBF047113EA85D31 /* BrandColors.swift in Sources */,
				BCFF3E01C5BF45F8D52C2A73 /* ContentView.swift in Sources */,
				8C9875D04BA346A335DFAA64 /* DependencyContainer.swift in Sources */,
				F26C1FBE5AE88475D37033B4 /* Endpoint.swift in Sources */,
				7DF5DF51FE2F17E75B8375C8 /* GroceryCategory.swift in Sources */,
				E7F4DEDE91018C87E92A4D51 /* GroceryItem.swift in Sources */,
				B3CB67E98030CCF3289A4804 /* GroceryItemUnit.swift in Sources */,
				F96C35F3526E393B4FEBA30F /* GroceryViewMode.swift in Sources */,
				6A38881CA57A7225616C32D7 /* HapticFeedback.swift in Sources */,
				BF1CF59F001B7CAE01621C94 /* KairosApp.swift in Sources */,
				8F2AF459B60420943D37FE57 /* KeychainService.swift in Sources */,
				B670B24D741836CC048854D0 /* LoginView.swift in Sources */,
				80DE09540C1C569A0239E0FF /* MealPlan.swift in Sources */,
				2A51BECFA6765ED523027A17 /* MealType.swift in Sources */,
				51E28D7FB632B206D30E6A48 /* NoiseTrackingItem.swift in Sources */,
				B3525FA4F322968D2BE4CB55 /* OIDCClient.swift in Sources */,
				B25F14DE95D4306C914FE460 /* OIDCConfiguration.swift in Sources */,
				896B8199E79762A98405A237 /* OfficeAttendance.swift in Sources */,
				4BE60D67E231DE472710F322 /* PlannerViewMode.swift in Sources */,
				1375F268CA1D7CE90C449A99 /* Project.swift in Sources */,
				7F9521E5ADB3418DC6436708 /* ProjectMember.swift in Sources */,
				3961C3E72652BAC59E51FD81 /* ProjectRole.swift in Sources */,
				27CC8D647D9E25C39DCF1F07 /* Recipe.swift in Sources */,
				8A40DDDA99518610FDEB0038 /* RecipeDishType.swift in Sources */,
				5A294D06E0F336CB9056A0EC /* Shop.swift in Sources */,
				E3B8BEA879CD43575763C73A /* TodoItem.swift in Sources */,
				8DD21A22F62B72055D771EA3 /* URLSessionAPIClient.swift in Sources */,
				8E946B910472F2D48EFF2E29 /* UserPreferences.swift in Sources */,
			);
			runOnlyForDeploymentPostprocessing = 0;
		};
		7D5B9B31E1258691C794F3E4 /* Sources */ = {
			isa = PBXSourcesBuildPhase;
			buildActionMask = 2147483647;
			files = (
				F7082BACE0B6B2FE4B9EFD6A /* APIClientTests.swift in Sources */,
				1DCA684F14FF333DAFD4D089 /* AuthStoreTests.swift in Sources */,
				E8B7CCF378AED559BDB38F26 /* EndpointTests.swift in Sources */,
				FBC03BEBFBE21903CA250665 /* KairosTests.swift in Sources */,
				62FB124D054D20FA3754DDA6 /* MockOIDCClient.swift in Sources */,
				D2EE6DDF533781277C40C2D1 /* MockURLProtocol.swift in Sources */,
			);
			runOnlyForDeploymentPostprocessing = 0;
		};
/* End PBXSourcesBuildPhase section */

/* Begin PBXTargetDependency section */
		40B25A7EF82F473315AF7EE7 /* PBXTargetDependency */ = {
			isa = PBXTargetDependency;
			target = 6CD36DBB9B1781513D7A5353 /* Kairos */;
			targetProxy = 4F2E06E0B03B22D106C9A25E /* PBXContainerItemProxy */;
		};
/* End PBXTargetDependency section */

/* Begin XCBuildConfiguration section */
		1EF7EF35AE8D5822C8AE3638 /* Debug */ = {
			isa = XCBuildConfiguration;
			buildSettings = {
				ALWAYS_SEARCH_USER_PATHS = NO;
				CLANG_ANALYZER_NONNULL = YES;
				CLANG_ANALYZER_NUMBER_OBJECT_CONVERSION = YES_AGGRESSIVE;
				CLANG_CXX_LANGUAGE_STANDARD = "gnu++14";
				CLANG_CXX_LIBRARY = "libc++";
				CLANG_ENABLE_MODULES = YES;
				CLANG_ENABLE_OBJC_ARC = YES;
				CLANG_ENABLE_OBJC_WEAK = YES;
				CLANG_WARN_BLOCK_CAPTURE_AUTORELEASING = YES;
				CLANG_WARN_BOOL_CONVERSION = YES;
				CLANG_WARN_COMMA = YES;
				CLANG_WARN_CONSTANT_CONVERSION = YES;
				CLANG_WARN_DEPRECATED_OBJC_IMPLEMENTATIONS = YES;
				CLANG_WARN_DIRECT_OBJC_ISA_USAGE = YES_ERROR;
				CLANG_WARN_DOCUMENTATION_COMMENTS = YES;
				CLANG_WARN_EMPTY_BODY = YES;
				CLANG_WARN_ENUM_CONVERSION = YES;
				CLANG_WARN_INFINITE_RECURSION = YES;
				CLANG_WARN_INT_CONVERSION = YES;
				CLANG_WARN_NON_LITERAL_NULL_CONVERSION = YES;
				CLANG_WARN_OBJC_IMPLICIT_RETAIN_SELF = YES;
				CLANG_WARN_OBJC_LITERAL_CONVERSION = YES;
				CLANG_WARN_OBJC_ROOT_CLASS = YES_ERROR;
				CLANG_WARN_QUOTED_INCLUDE_IN_FRAMEWORK_HEADER = YES;
				CLANG_WARN_RANGE_LOOP_ANALYSIS = YES;
				CLANG_WARN_STRICT_PROTOTYPES = YES;
				CLANG_WARN_SUSPICIOUS_MOVE = YES;
				CLANG_WARN_UNGUARDED_AVAILABILITY = YES_AGGRESSIVE;
				CLANG_WARN_UNREACHABLE_CODE = YES;
				CLANG_WARN__DUPLICATE_METHOD_MATCH = YES;
				CODE_SIGN_STYLE = Automatic;
				COPY_PHASE_STRIP = NO;
				DEBUG_INFORMATION_FORMAT = dwarf;
				DEVELOPMENT_TEAM = "";
				ENABLE_STRICT_OBJC_MSGSEND = YES;
				ENABLE_TESTABILITY = YES;
				ENABLE_USER_SCRIPT_SANDBOXING = YES;
				GCC_C_LANGUAGE_STANDARD = gnu11;
				GCC_DYNAMIC_NO_PIC = NO;
				GCC_NO_COMMON_BLOCKS = YES;
				GCC_OPTIMIZATION_LEVEL = 0;
				GCC_PREPROCESSOR_DEFINITIONS = (
					"$(inherited)",
					"DEBUG=1",
				);
				GCC_TREAT_WARNINGS_AS_ERRORS = NO;
				GCC_WARN_64_TO_32_BIT_CONVERSION = YES;
				GCC_WARN_ABOUT_RETURN_TYPE = YES_ERROR;
				GCC_WARN_INHIBIT_ALL_WARNINGS = NO;
				GCC_WARN_UNDECLARED_SELECTOR = YES;
				GCC_WARN_UNINITIALIZED_AUTOS = YES_AGGRESSIVE;
				GCC_WARN_UNUSED_FUNCTION = YES;
				GCC_WARN_UNUSED_VARIABLE = YES;
				IPHONEOS_DEPLOYMENT_TARGET = 17.0;
				MTL_ENABLE_DEBUG_INFO = INCLUDE_SOURCE;
				MTL_FAST_MATH = YES;
				ONLY_ACTIVE_ARCH = YES;
				PRODUCT_NAME = "$(TARGET_NAME)";
				SDKROOT = iphoneos;
				SWIFT_ACTIVE_COMPILATION_CONDITIONS = DEBUG;
				SWIFT_OPTIMIZATION_LEVEL = "-Onone";
				SWIFT_TREAT_WARNINGS_AS_ERRORS = NO;
				SWIFT_VERSION = 5.10;
			};
			name = Debug;
		};
		210D07AB961F41D3019ECB50 /* Release */ = {
			isa = XCBuildConfiguration;
			buildSettings = {
				ASSETCATALOG_COMPILER_APPICON_NAME = AppIcon;
				CODE_SIGN_IDENTITY = "iPhone Developer";
				INFOPLIST_FILE = Kairos/Resources/Info.plist;
				INFOPLIST_KEY_UIApplicationSceneManifest_Generation = YES;
				INFOPLIST_KEY_UIApplicationSupportsIndirectInputEvents = YES;
				INFOPLIST_KEY_UILaunchScreen_Generation = YES;
				INFOPLIST_KEY_UISupportedInterfaceOrientations_iPad = "UIInterfaceOrientationPortrait UIInterfaceOrientationPortraitUpsideDown UIInterfaceOrientationLandscapeLeft UIInterfaceOrientationLandscapeRight";
				INFOPLIST_KEY_UISupportedInterfaceOrientations_iPhone = "UIInterfaceOrientationPortrait UIInterfaceOrientationLandscapeLeft UIInterfaceOrientationLandscapeRight";
				IPHONEOS_DEPLOYMENT_TARGET = 17.0;
				LD_RUNPATH_SEARCH_PATHS = (
					"$(inherited)",
					"@executable_path/Frameworks",
				);
				PRODUCT_BUNDLE_IDENTIFIER = com.kairos.app;
				SDKROOT = iphoneos;
				TARGETED_DEVICE_FAMILY = "1,2";
			};
			name = Release;
		};
		5973F220C1CFC68498ED2DEF /* Release */ = {
			isa = XCBuildConfiguration;
			buildSettings = {
				BUNDLE_LOADER = "$(TEST_HOST)";
				GENERATE_INFOPLIST_FILE = YES;
				IPHONEOS_DEPLOYMENT_TARGET = 17.0;
				LD_RUNPATH_SEARCH_PATHS = (
					"$(inherited)",
					"@executable_path/Frameworks",
					"@loader_path/Frameworks",
				);
				PRODUCT_BUNDLE_IDENTIFIER = com.kairos.app.tests;
				SDKROOT = iphoneos;
				TARGETED_DEVICE_FAMILY = "1,2";
				TEST_HOST = "$(BUILT_PRODUCTS_DIR)/Kairos.app/Kairos";
			};
			name = Release;
		};
		AB30A4EC7024B26309D398B8 /* Release */ = {
			isa = XCBuildConfiguration;
			buildSettings = {
				ALWAYS_SEARCH_USER_PATHS = NO;
				CLANG_ANALYZER_NONNULL = YES;
				CLANG_ANALYZER_NUMBER_OBJECT_CONVERSION = YES_AGGRESSIVE;
				CLANG_CXX_LANGUAGE_STANDARD = "gnu++14";
				CLANG_CXX_LIBRARY = "libc++";
				CLANG_ENABLE_MODULES = YES;
				CLANG_ENABLE_OBJC_ARC = YES;
				CLANG_ENABLE_OBJC_WEAK = YES;
				CLANG_WARN_BLOCK_CAPTURE_AUTORELEASING = YES;
				CLANG_WARN_BOOL_CONVERSION = YES;
				CLANG_WARN_COMMA = YES;
				CLANG_WARN_CONSTANT_CONVERSION = YES;
				CLANG_WARN_DEPRECATED_OBJC_IMPLEMENTATIONS = YES;
				CLANG_WARN_DIRECT_OBJC_ISA_USAGE = YES_ERROR;
				CLANG_WARN_DOCUMENTATION_COMMENTS = YES;
				CLANG_WARN_EMPTY_BODY = YES;
				CLANG_WARN_ENUM_CONVERSION = YES;
				CLANG_WARN_INFINITE_RECURSION = YES;
				CLANG_WARN_INT_CONVERSION = YES;
				CLANG_WARN_NON_LITERAL_NULL_CONVERSION = YES;
				CLANG_WARN_OBJC_IMPLICIT_RETAIN_SELF = YES;
				CLANG_WARN_OBJC_LITERAL_CONVERSION = YES;
				CLANG_WARN_OBJC_ROOT_CLASS = YES_ERROR;
				CLANG_WARN_QUOTED_INCLUDE_IN_FRAMEWORK_HEADER = YES;
				CLANG_WARN_RANGE_LOOP_ANALYSIS = YES;
				CLANG_WARN_STRICT_PROTOTYPES = YES;
				CLANG_WARN_SUSPICIOUS_MOVE = YES;
				CLANG_WARN_UNGUARDED_AVAILABILITY = YES_AGGRESSIVE;
				CLANG_WARN_UNREACHABLE_CODE = YES;
				CLANG_WARN__DUPLICATE_METHOD_MATCH = YES;
				CODE_SIGN_STYLE = Automatic;
				COPY_PHASE_STRIP = NO;
				DEBUG_INFORMATION_FORMAT = "dwarf-with-dsym";
				DEVELOPMENT_TEAM = "";
				ENABLE_NS_ASSERTIONS = NO;
				ENABLE_STRICT_OBJC_MSGSEND = YES;
				ENABLE_USER_SCRIPT_SANDBOXING = YES;
				GCC_C_LANGUAGE_STANDARD = gnu11;
				GCC_NO_COMMON_BLOCKS = YES;
				GCC_TREAT_WARNINGS_AS_ERRORS = NO;
				GCC_WARN_64_TO_32_BIT_CONVERSION = YES;
				GCC_WARN_ABOUT_RETURN_TYPE = YES_ERROR;
				GCC_WARN_INHIBIT_ALL_WARNINGS = NO;
				GCC_WARN_UNDECLARED_SELECTOR = YES;
				GCC_WARN_UNINITIALIZED_AUTOS = YES_AGGRESSIVE;
				GCC_WARN_UNUSED_FUNCTION = YES;
				GCC_WARN_UNUSED_VARIABLE = YES;
				IPHONEOS_DEPLOYMENT_TARGET = 17.0;
				MTL_ENABLE_DEBUG_INFO = NO;
				MTL_FAST_MATH = YES;
				PRODUCT_NAME = "$(TARGET_NAME)";
				SDKROOT = iphoneos;
				SWIFT_COMPILATION_MODE = wholemodule;
				SWIFT_OPTIMIZATION_LEVEL = "-O";
				SWIFT_TREAT_WARNINGS_AS_ERRORS = NO;
				SWIFT_VERSION = 5.10;
			};
			name = Release;
		};
		C03D906342ABE2FAF9A1971C /* Debug */ = {
			isa = XCBuildConfiguration;
			buildSettings = {
				ASSETCATALOG_COMPILER_APPICON_NAME = AppIcon;
				CODE_SIGN_IDENTITY = "iPhone Developer";
				INFOPLIST_FILE = Kairos/Resources/Info.plist;
				INFOPLIST_KEY_UIApplicationSceneManifest_Generation = YES;
				INFOPLIST_KEY_UIApplicationSupportsIndirectInputEvents = YES;
				INFOPLIST_KEY_UILaunchScreen_Generation = YES;
				INFOPLIST_KEY_UISupportedInterfaceOrientations_iPad = "UIInterfaceOrientationPortrait UIInterfaceOrientationPortraitUpsideDown UIInterfaceOrientationLandscapeLeft UIInterfaceOrientationLandscapeRight";
				INFOPLIST_KEY_UISupportedInterfaceOrientations_iPhone = "UIInterfaceOrientationPortrait UIInterfaceOrientationLandscapeLeft UIInterfaceOrientationLandscapeRight";
				IPHONEOS_DEPLOYMENT_TARGET = 17.0;
				LD_RUNPATH_SEARCH_PATHS = (
					"$(inherited)",
					"@executable_path/Frameworks",
				);
				PRODUCT_BUNDLE_IDENTIFIER = com.kairos.app;
				SDKROOT = iphoneos;
				TARGETED_DEVICE_FAMILY = "1,2";
			};
			name = Debug;
		};
		FEB8EF39BD406A94A96E2CC8 /* Debug */ = {
			isa = XCBuildConfiguration;
			buildSettings = {
				BUNDLE_LOADER = "$(TEST_HOST)";
				GENERATE_INFOPLIST_FILE = YES;
				IPHONEOS_DEPLOYMENT_TARGET = 17.0;
				LD_RUNPATH_SEARCH_PATHS = (
					"$(inherited)",
					"@executable_path/Frameworks",
					"@loader_path/Frameworks",
				);
				PRODUCT_BUNDLE_IDENTIFIER = com.kairos.app.tests;
				SDKROOT = iphoneos;
				TARGETED_DEVICE_FAMILY = "1,2";
				TEST_HOST = "$(BUILT_PRODUCTS_DIR)/Kairos.app/Kairos";
			};
			name = Debug;
		};
/* End XCBuildConfiguration section */

/* Begin XCConfigurationList section */
		956BD75DB366E2AA30124BF1 /* Build configuration list for PBXProject "Kairos" */ = {
			isa = XCConfigurationList;
			buildConfigurations = (
				1EF7EF35AE8D5822C8AE3638 /* Debug */,
				AB30A4EC7024B26309D398B8 /* Release */,
			);
			defaultConfigurationIsVisible = 0;
			defaultConfigurationName = Debug;
		};
		A97728D97B64E609D4E994EF /* Build configuration list for PBXNativeTarget "KairosTests" */ = {
			isa = XCConfigurationList;
			buildConfigurations = (
				FEB8EF39BD406A94A96E2CC8 /* Debug */,
				5973F220C1CFC68498ED2DEF /* Release */,
			);
			defaultConfigurationIsVisible = 0;
			defaultConfigurationName = Debug;
		};
		C0071BF05744CF0FC596843C /* Build configuration list for PBXNativeTarget "Kairos" */ = {
			isa = XCConfigurationList;
			buildConfigurations = (
				C03D906342ABE2FAF9A1971C /* Debug */,
				210D07AB961F41D3019ECB50 /* Release */,
			);
			defaultConfigurationIsVisible = 0;
			defaultConfigurationName = Debug;
		};
/* End XCConfigurationList section */

/* Begin XCRemoteSwiftPackageReference section */
		C40E6F54238255A137DACC05 /* XCRemoteSwiftPackageReference "KeychainAccess" */ = {
			isa = XCRemoteSwiftPackageReference;
			repositoryURL = "https://github.com/kishikawakatsumi/KeychainAccess";
			requirement = {
				kind = upToNextMajorVersion;
				minimumVersion = 4.2.2;
			};
		};
/* End XCRemoteSwiftPackageReference section */

/* Begin XCSwiftPackageProductDependency section */
		5288301F83D5471B8342E902 /* KeychainAccess */ = {
			isa = XCSwiftPackageProductDependency;
			package = C40E6F54238255A137DACC05 /* XCRemoteSwiftPackageReference "KeychainAccess" */;
			productName = KeychainAccess;
		};
/* End XCSwiftPackageProductDependency section */
	};
	rootObject = E64FEF4991E8210A9E26C0F7 /* Project object */;
}
